// !$*UTF8*$!
{
	archiveVersion = 1;
	classes = {
	};
	objectVersion = 56;
	objects = {

/* Begin PBXBuildFile section */
		BC1D574F2B3F065D00D05008 /* Instagram_TutorialApp.swift in Sources */ = {isa = PBXBuildFile; fileRef = BC1D574E2B3F065D00D05008 /* Instagram_TutorialApp.swift */; };
		BC1D57512B3F065D00D05008 /* MainView.swift in Sources */ = {isa = PBXBuildFile; fileRef = BC1D57502B3F065D00D05008 /* MainView.swift */; };
		BC1D57532B3F065E00D05008 /* Assets.xcassets in Resources */ = {isa = PBXBuildFile; fileRef = BC1D57522B3F065E00D05008 /* Assets.xcassets */; };
		BC1D57562B3F065E00D05008 /* Preview Assets.xcassets in Resources */ = {isa = PBXBuildFile; fileRef = BC1D57552B3F065E00D05008 /* Preview Assets.xcassets */; };
		BC1D576A2B3F07D800D05008 /* MainTabView.swift in Sources */ = {isa = PBXBuildFile; fileRef = BC1D57692B3F07D800D05008 /* MainTabView.swift */; };
		BC1D576E2B3F090800D05008 /* ProfileView.swift in Sources */ = {isa = PBXBuildFile; fileRef = BC1D576D2B3F090800D05008 /* ProfileView.swift */; };
		BC1D57712B4046F700D05008 /* UserStatView.swift in Sources */ = {isa = PBXBuildFile; fileRef = BC1D57702B4046F700D05008 /* UserStatView.swift */; };
		BC1D57732B41551300D05008 /* FeedView.swift in Sources */ = {isa = PBXBuildFile; fileRef = BC1D57722B41551300D05008 /* FeedView.swift */; };
		BC1D57752B41551800D05008 /* FeedCell.swift in Sources */ = {isa = PBXBuildFile; fileRef = BC1D57742B41551800D05008 /* FeedCell.swift */; };
		BC1D57772B425F8600D05008 /* SearchView.swift in Sources */ = {isa = PBXBuildFile; fileRef = BC1D57762B425F8600D05008 /* SearchView.swift */; };
		BC1D577B2B4263C000D05008 /* UserSummaryCell.swift in Sources */ = {isa = PBXBuildFile; fileRef = BC1D577A2B4263C000D05008 /* UserSummaryCell.swift */; };
		BC1D577D2B443C6F00D05008 /* LoginView.swift in Sources */ = {isa = PBXBuildFile; fileRef = BC1D577C2B443C6F00D05008 /* LoginView.swift */; };
		BC1D577F2B44F4F500D05008 /* EnterEmailView.swift in Sources */ = {isa = PBXBuildFile; fileRef = BC1D577E2B44F4F500D05008 /* EnterEmailView.swift */; };
		BC1D57812B46497A00D05008 /* User.swift in Sources */ = {isa = PBXBuildFile; fileRef = BC1D57802B46497A00D05008 /* User.swift */; };
		BC1D57832B482C5800D05008 /* Post.swift in Sources */ = {isa = PBXBuildFile; fileRef = BC1D57822B482C5800D05008 /* Post.swift */; };
		BC1D57852B4837E900D05008 /* UserPostGridView.swift in Sources */ = {isa = PBXBuildFile; fileRef = BC1D57842B4837E900D05008 /* UserPostGridView.swift */; };
		BC1D57872B48382800D05008 /* ProfileHeaderView.swift in Sources */ = {isa = PBXBuildFile; fileRef = BC1D57862B48382800D05008 /* ProfileHeaderView.swift */; };
		BC1D57892B493F7C00D05008 /* UploadPostView.swift in Sources */ = {isa = PBXBuildFile; fileRef = BC1D57882B493F7C00D05008 /* UploadPostView.swift */; };
		BC1D578B2B49430100D05008 /* UploadPostViewModel.swift in Sources */ = {isa = PBXBuildFile; fileRef = BC1D578A2B49430100D05008 /* UploadPostViewModel.swift */; };
		BC1D578D2B494A9400D05008 /* Binding+Optional.swift in Sources */ = {isa = PBXBuildFile; fileRef = BC1D578C2B494A9400D05008 /* Binding+Optional.swift */; };
		BC1D578F2B4A736700D05008 /* GoogleService-Info.plist in Resources */ = {isa = PBXBuildFile; fileRef = BC1D578E2B4A736700D05008 /* GoogleService-Info.plist */; };
		BC1D57922B4A741700D05008 /* FirebaseAnalytics in Frameworks */ = {isa = PBXBuildFile; productRef = BC1D57912B4A741700D05008 /* FirebaseAnalytics */; };
		BC1D57942B4A741700D05008 /* FirebaseAnalyticsOnDeviceConversion in Frameworks */ = {isa = PBXBuildFile; productRef = BC1D57932B4A741700D05008 /* FirebaseAnalyticsOnDeviceConversion */; };
		BC1D57962B4A741700D05008 /* FirebaseAnalyticsSwift in Frameworks */ = {isa = PBXBuildFile; productRef = BC1D57952B4A741700D05008 /* FirebaseAnalyticsSwift */; };
		BC1D57982B4A741700D05008 /* FirebaseAnalyticsWithoutAdIdSupport in Frameworks */ = {isa = PBXBuildFile; productRef = BC1D57972B4A741700D05008 /* FirebaseAnalyticsWithoutAdIdSupport */; };
		BC1D579A2B4A741700D05008 /* FirebaseAppCheck in Frameworks */ = {isa = PBXBuildFile; productRef = BC1D57992B4A741700D05008 /* FirebaseAppCheck */; };
		BC1D579C2B4A741700D05008 /* FirebaseAppDistribution-Beta in Frameworks */ = {isa = PBXBuildFile; productRef = BC1D579B2B4A741700D05008 /* FirebaseAppDistribution-Beta */; };
		BC1D579E2B4A741700D05008 /* FirebaseAuth in Frameworks */ = {isa = PBXBuildFile; productRef = BC1D579D2B4A741700D05008 /* FirebaseAuth */; };
		BC1D57A02B4A741700D05008 /* FirebaseAuthCombine-Community in Frameworks */ = {isa = PBXBuildFile; productRef = BC1D579F2B4A741700D05008 /* FirebaseAuthCombine-Community */; };
		BC1D57A22B4A741700D05008 /* FirebaseCrashlytics in Frameworks */ = {isa = PBXBuildFile; productRef = BC1D57A12B4A741700D05008 /* FirebaseCrashlytics */; };
		BC1D57A42B4A741700D05008 /* FirebaseDatabase in Frameworks */ = {isa = PBXBuildFile; productRef = BC1D57A32B4A741700D05008 /* FirebaseDatabase */; };
		BC1D57A62B4A741700D05008 /* FirebaseDatabaseSwift in Frameworks */ = {isa = PBXBuildFile; productRef = BC1D57A52B4A741700D05008 /* FirebaseDatabaseSwift */; };
		BC1D57A82B4A741700D05008 /* FirebaseDynamicLinks in Frameworks */ = {isa = PBXBuildFile; productRef = BC1D57A72B4A741700D05008 /* FirebaseDynamicLinks */; };
		BC1D57AA2B4A741700D05008 /* FirebaseFirestore in Frameworks */ = {isa = PBXBuildFile; productRef = BC1D57A92B4A741700D05008 /* FirebaseFirestore */; };
		BC1D57AC2B4A741700D05008 /* FirebaseFirestoreCombine-Community in Frameworks */ = {isa = PBXBuildFile; productRef = BC1D57AB2B4A741700D05008 /* FirebaseFirestoreCombine-Community */; };
		BC1D57AE2B4A741700D05008 /* FirebaseFirestoreSwift in Frameworks */ = {isa = PBXBuildFile; productRef = BC1D57AD2B4A741700D05008 /* FirebaseFirestoreSwift */; };
		BC1D57B02B4A741700D05008 /* FirebaseFunctions in Frameworks */ = {isa = PBXBuildFile; productRef = BC1D57AF2B4A741700D05008 /* FirebaseFunctions */; };
		BC1D57B22B4A741700D05008 /* FirebaseFunctionsCombine-Community in Frameworks */ = {isa = PBXBuildFile; productRef = BC1D57B12B4A741700D05008 /* FirebaseFunctionsCombine-Community */; };
		BC1D57B42B4A741700D05008 /* FirebaseInAppMessaging-Beta in Frameworks */ = {isa = PBXBuildFile; productRef = BC1D57B32B4A741700D05008 /* FirebaseInAppMessaging-Beta */; };
		BC1D57B62B4A741700D05008 /* FirebaseInAppMessagingSwift-Beta in Frameworks */ = {isa = PBXBuildFile; productRef = BC1D57B52B4A741700D05008 /* FirebaseInAppMessagingSwift-Beta */; };
		BC1D57B82B4A741700D05008 /* FirebaseInstallations in Frameworks */ = {isa = PBXBuildFile; productRef = BC1D57B72B4A741700D05008 /* FirebaseInstallations */; };
		BC1D57BA2B4A741700D05008 /* FirebaseMLModelDownloader in Frameworks */ = {isa = PBXBuildFile; productRef = BC1D57B92B4A741700D05008 /* FirebaseMLModelDownloader */; };
		BC1D57BC2B4A741700D05008 /* FirebaseMessaging in Frameworks */ = {isa = PBXBuildFile; productRef = BC1D57BB2B4A741700D05008 /* FirebaseMessaging */; };
		BC1D57BE2B4A741700D05008 /* FirebasePerformance in Frameworks */ = {isa = PBXBuildFile; productRef = BC1D57BD2B4A741700D05008 /* FirebasePerformance */; };
		BC1D57C02B4A741700D05008 /* FirebaseRemoteConfig in Frameworks */ = {isa = PBXBuildFile; productRef = BC1D57BF2B4A741700D05008 /* FirebaseRemoteConfig */; };
		BC1D57C22B4A741700D05008 /* FirebaseRemoteConfigSwift in Frameworks */ = {isa = PBXBuildFile; productRef = BC1D57C12B4A741700D05008 /* FirebaseRemoteConfigSwift */; };
		BC1D57C42B4A741700D05008 /* FirebaseStorage in Frameworks */ = {isa = PBXBuildFile; productRef = BC1D57C32B4A741700D05008 /* FirebaseStorage */; };
		BC1D57C62B4A741700D05008 /* FirebaseStorageCombine-Community in Frameworks */ = {isa = PBXBuildFile; productRef = BC1D57C52B4A741700D05008 /* FirebaseStorageCombine-Community */; };
		BC1D57C82B4A764F00D05008 /* AuthService.swift in Sources */ = {isa = PBXBuildFile; fileRef = BC1D57C72B4A764F00D05008 /* AuthService.swift */; };
		BC1D57CC2B4A89ED00D05008 /* MainViewModel.swift in Sources */ = {isa = PBXBuildFile; fileRef = BC1D57CB2B4A89ED00D05008 /* MainViewModel.swift */; };
		BC1D57CF2B4A8F9A00D05008 /* SignupViewModel.swift in Sources */ = {isa = PBXBuildFile; fileRef = BC1D57CE2B4A8F9A00D05008 /* SignupViewModel.swift */; };
		BC1D57D12B4A94D800D05008 /* EmailPasswordTextField.swift in Sources */ = {isa = PBXBuildFile; fileRef = BC1D57D02B4A94D800D05008 /* EmailPasswordTextField.swift */; };
		BC1D57D52B4A969000D05008 /* EnterPasswordView.swift in Sources */ = {isa = PBXBuildFile; fileRef = BC1D57D42B4A969000D05008 /* EnterPasswordView.swift */; };
		BC1D57D72B4A96F900D05008 /* EnterUserNameView.swift in Sources */ = {isa = PBXBuildFile; fileRef = BC1D57D62B4A96F900D05008 /* EnterUserNameView.swift */; };
		BC1D57D92B4A9A3900D05008 /* CompleteSignUpView.swift in Sources */ = {isa = PBXBuildFile; fileRef = BC1D57D82B4A9A3900D05008 /* CompleteSignUpView.swift */; };
		BC1D57DB2B4AC93100D05008 /* LoginViewModel.swift in Sources */ = {isa = PBXBuildFile; fileRef = BC1D57DA2B4AC93100D05008 /* LoginViewModel.swift */; };
		BC1D57DD2B4AD71300D05008 /* SearchViewModel.swift in Sources */ = {isa = PBXBuildFile; fileRef = BC1D57DC2B4AD71300D05008 /* SearchViewModel.swift */; };
		BC1D57DF2B4AE0FC00D05008 /* ProfileImage.swift in Sources */ = {isa = PBXBuildFile; fileRef = BC1D57DE2B4AE0FC00D05008 /* ProfileImage.swift */; };
		BC1D57E12B4AE36B00D05008 /* String+Util.swift in Sources */ = {isa = PBXBuildFile; fileRef = BC1D57E02B4AE36B00D05008 /* String+Util.swift */; };
		BC1D57E32B4B930E00D05008 /* ProfileEditView.swift in Sources */ = {isa = PBXBuildFile; fileRef = BC1D57E22B4B930E00D05008 /* ProfileEditView.swift */; };
		BC1D57E52B4B938D00D05008 /* ProfileEditViewModel.swift in Sources */ = {isa = PBXBuildFile; fileRef = BC1D57E42B4B938D00D05008 /* ProfileEditViewModel.swift */; };
		BC1D57E72B4D7B7200D05008 /* UserService.swift in Sources */ = {isa = PBXBuildFile; fileRef = BC1D57E62B4D7B7200D05008 /* UserService.swift */; };
		BC88D6DB2B4FFF4D0051751A /* EditProfileButton.swift in Sources */ = {isa = PBXBuildFile; fileRef = BC88D6DA2B4FFF4D0051751A /* EditProfileButton.swift */; };
		BC88D6DD2B4FFF980051751A /* ProfileFollowButton.swift in Sources */ = {isa = PBXBuildFile; fileRef = BC88D6DC2B4FFF980051751A /* ProfileFollowButton.swift */; };
/* End PBXBuildFile section */

/* Begin PBXFileReference section */
		BC1D574B2B3F065D00D05008 /* Instagram_Tutorial.app */ = {isa = PBXFileReference; explicitFileType = wrapper.application; includeInIndex = 0; path = Instagram_Tutorial.app; sourceTree = BUILT_PRODUCTS_DIR; };
		BC1D574E2B3F065D00D05008 /* Instagram_TutorialApp.swift */ = {isa = PBXFileReference; lastKnownFileType = sourcecode.swift; path = Instagram_TutorialApp.swift; sourceTree = "<group>"; };
		BC1D57502B3F065D00D05008 /* MainView.swift */ = {isa = PBXFileReference; lastKnownFileType = sourcecode.swift; path = MainView.swift; sourceTree = "<group>"; };
		BC1D57522B3F065E00D05008 /* Assets.xcassets */ = {isa = PBXFileReference; lastKnownFileType = folder.assetcatalog; path = Assets.xcassets; sourceTree = "<group>"; };
		BC1D57552B3F065E00D05008 /* Preview Assets.xcassets */ = {isa = PBXFileReference; lastKnownFileType = folder.assetcatalog; path = "Preview Assets.xcassets"; sourceTree = "<group>"; };
		BC1D57692B3F07D800D05008 /* MainTabView.swift */ = {isa = PBXFileReference; lastKnownFileType = sourcecode.swift; path = MainTabView.swift; sourceTree = "<group>"; };
		BC1D576D2B3F090800D05008 /* ProfileView.swift */ = {isa = PBXFileReference; lastKnownFileType = sourcecode.swift; path = ProfileView.swift; sourceTree = "<group>"; };
		BC1D57702B4046F700D05008 /* UserStatView.swift */ = {isa = PBXFileReference; lastKnownFileType = sourcecode.swift; path = UserStatView.swift; sourceTree = "<group>"; };
		BC1D57722B41551300D05008 /* FeedView.swift */ = {isa = PBXFileReference; lastKnownFileType = sourcecode.swift; path = FeedView.swift; sourceTree = "<group>"; };
		BC1D57742B41551800D05008 /* FeedCell.swift */ = {isa = PBXFileReference; lastKnownFileType = sourcecode.swift; path = FeedCell.swift; sourceTree = "<group>"; };
		BC1D57762B425F8600D05008 /* SearchView.swift */ = {isa = PBXFileReference; lastKnownFileType = sourcecode.swift; path = SearchView.swift; sourceTree = "<group>"; };
		BC1D577A2B4263C000D05008 /* UserSummaryCell.swift */ = {isa = PBXFileReference; lastKnownFileType = sourcecode.swift; path = UserSummaryCell.swift; sourceTree = "<group>"; };
		BC1D577C2B443C6F00D05008 /* LoginView.swift */ = {isa = PBXFileReference; lastKnownFileType = sourcecode.swift; path = LoginView.swift; sourceTree = "<group>"; };
		BC1D577E2B44F4F500D05008 /* EnterEmailView.swift */ = {isa = PBXFileReference; lastKnownFileType = sourcecode.swift; path = EnterEmailView.swift; sourceTree = "<group>"; };
		BC1D57802B46497A00D05008 /* User.swift */ = {isa = PBXFileReference; lastKnownFileType = sourcecode.swift; path = User.swift; sourceTree = "<group>"; };
		BC1D57822B482C5800D05008 /* Post.swift */ = {isa = PBXFileReference; lastKnownFileType = sourcecode.swift; path = Post.swift; sourceTree = "<group>"; };
		BC1D57842B4837E900D05008 /* UserPostGridView.swift */ = {isa = PBXFileReference; lastKnownFileType = sourcecode.swift; path = UserPostGridView.swift; sourceTree = "<group>"; };
		BC1D57862B48382800D05008 /* ProfileHeaderView.swift */ = {isa = PBXFileReference; lastKnownFileType = sourcecode.swift; path = ProfileHeaderView.swift; sourceTree = "<group>"; };
		BC1D57882B493F7C00D05008 /* UploadPostView.swift */ = {isa = PBXFileReference; lastKnownFileType = sourcecode.swift; path = UploadPostView.swift; sourceTree = "<group>"; };
		BC1D578A2B49430100D05008 /* UploadPostViewModel.swift */ = {isa = PBXFileReference; lastKnownFileType = sourcecode.swift; path = UploadPostViewModel.swift; sourceTree = "<group>"; };
		BC1D578C2B494A9400D05008 /* Binding+Optional.swift */ = {isa = PBXFileReference; lastKnownFileType = sourcecode.swift; path = "Binding+Optional.swift"; sourceTree = "<group>"; };
		BC1D578E2B4A736700D05008 /* GoogleService-Info.plist */ = {isa = PBXFileReference; lastKnownFileType = text.plist; path = "GoogleService-Info.plist"; sourceTree = SOURCE_ROOT; };
		BC1D57C72B4A764F00D05008 /* AuthService.swift */ = {isa = PBXFileReference; lastKnownFileType = sourcecode.swift; path = AuthService.swift; sourceTree = "<group>"; };
		BC1D57CB2B4A89ED00D05008 /* MainViewModel.swift */ = {isa = PBXFileReference; lastKnownFileType = sourcecode.swift; path = MainViewModel.swift; sourceTree = "<group>"; };
		BC1D57CE2B4A8F9A00D05008 /* SignupViewModel.swift */ = {isa = PBXFileReference; lastKnownFileType = sourcecode.swift; path = SignupViewModel.swift; sourceTree = "<group>"; };
		BC1D57D02B4A94D800D05008 /* EmailPasswordTextField.swift */ = {isa = PBXFileReference; lastKnownFileType = sourcecode.swift; path = EmailPasswordTextField.swift; sourceTree = "<group>"; };
		BC1D57D42B4A969000D05008 /* EnterPasswordView.swift */ = {isa = PBXFileReference; lastKnownFileType = sourcecode.swift; path = EnterPasswordView.swift; sourceTree = "<group>"; };
		BC1D57D62B4A96F900D05008 /* EnterUserNameView.swift */ = {isa = PBXFileReference; lastKnownFileType = sourcecode.swift; path = EnterUserNameView.swift; sourceTree = "<group>"; };
		BC1D57D82B4A9A3900D05008 /* CompleteSignUpView.swift */ = {isa = PBXFileReference; lastKnownFileType = sourcecode.swift; path = CompleteSignUpView.swift; sourceTree = "<group>"; };
		BC1D57DA2B4AC93100D05008 /* LoginViewModel.swift */ = {isa = PBXFileReference; lastKnownFileType = sourcecode.swift; path = LoginViewModel.swift; sourceTree = "<group>"; };
		BC1D57DC2B4AD71300D05008 /* SearchViewModel.swift */ = {isa = PBXFileReference; lastKnownFileType = sourcecode.swift; path = SearchViewModel.swift; sourceTree = "<group>"; };
		BC1D57DE2B4AE0FC00D05008 /* ProfileImage.swift */ = {isa = PBXFileReference; lastKnownFileType = sourcecode.swift; path = ProfileImage.swift; sourceTree = "<group>"; };
		BC1D57E02B4AE36B00D05008 /* String+Util.swift */ = {isa = PBXFileReference; lastKnownFileType = sourcecode.swift; path = "String+Util.swift"; sourceTree = "<group>"; };
		BC1D57E22B4B930E00D05008 /* ProfileEditView.swift */ = {isa = PBXFileReference; lastKnownFileType = sourcecode.swift; path = ProfileEditView.swift; sourceTree = "<group>"; };
		BC1D57E42B4B938D00D05008 /* ProfileEditViewModel.swift */ = {isa = PBXFileReference; lastKnownFileType = sourcecode.swift; path = ProfileEditViewModel.swift; sourceTree = "<group>"; };
		BC1D57E62B4D7B7200D05008 /* UserService.swift */ = {isa = PBXFileReference; lastKnownFileType = sourcecode.swift; path = UserService.swift; sourceTree = "<group>"; };
		BC88D6DA2B4FFF4D0051751A /* EditProfileButton.swift */ = {isa = PBXFileReference; lastKnownFileType = sourcecode.swift; path = EditProfileButton.swift; sourceTree = "<group>"; };
		BC88D6DC2B4FFF980051751A /* ProfileFollowButton.swift */ = {isa = PBXFileReference; lastKnownFileType = sourcecode.swift; path = ProfileFollowButton.swift; sourceTree = "<group>"; };
/* End PBXFileReference section */

/* Begin PBXFrameworksBuildPhase section */
		BC1D57482B3F065D00D05008 /* Frameworks */ = {
			isa = PBXFrameworksBuildPhase;
			buildActionMask = 2147483647;
			files = (
				BC1D57A42B4A741700D05008 /* FirebaseDatabase in Frameworks */,
				BC1D57B22B4A741700D05008 /* FirebaseFunctionsCombine-Community in Frameworks */,
				BC1D57AA2B4A741700D05008 /* FirebaseFirestore in Frameworks */,
				BC1D57962B4A741700D05008 /* FirebaseAnalyticsSwift in Frameworks */,
				BC1D57922B4A741700D05008 /* FirebaseAnalytics in Frameworks */,
				BC1D57942B4A741700D05008 /* FirebaseAnalyticsOnDeviceConversion in Frameworks */,
				BC1D57BA2B4A741700D05008 /* FirebaseMLModelDownloader in Frameworks */,
				BC1D57AE2B4A741700D05008 /* FirebaseFirestoreSwift in Frameworks */,
				BC1D579A2B4A741700D05008 /* FirebaseAppCheck in Frameworks */,
				BC1D57982B4A741700D05008 /* FirebaseAnalyticsWithoutAdIdSupport in Frameworks */,
				BC1D579E2B4A741700D05008 /* FirebaseAuth in Frameworks */,
				BC1D57A22B4A741700D05008 /* FirebaseCrashlytics in Frameworks */,
				BC1D57C22B4A741700D05008 /* FirebaseRemoteConfigSwift in Frameworks */,
				BC1D57B42B4A741700D05008 /* FirebaseInAppMessaging-Beta in Frameworks */,
				BC1D57A62B4A741700D05008 /* FirebaseDatabaseSwift in Frameworks */,
				BC1D57B02B4A741700D05008 /* FirebaseFunctions in Frameworks */,
				BC1D57C62B4A741700D05008 /* FirebaseStorageCombine-Community in Frameworks */,
				BC1D57C02B4A741700D05008 /* FirebaseRemoteConfig in Frameworks */,
				BC1D579C2B4A741700D05008 /* FirebaseAppDistribution-Beta in Frameworks */,
				BC1D57A02B4A741700D05008 /* FirebaseAuthCombine-Community in Frameworks */,
				BC1D57BE2B4A741700D05008 /* FirebasePerformance in Frameworks */,
				BC1D57B62B4A741700D05008 /* FirebaseInAppMessagingSwift-Beta in Frameworks */,
				BC1D57C42B4A741700D05008 /* FirebaseStorage in Frameworks */,
				BC1D57A82B4A741700D05008 /* FirebaseDynamicLinks in Frameworks */,
				BC1D57AC2B4A741700D05008 /* FirebaseFirestoreCombine-Community in Frameworks */,
				BC1D57BC2B4A741700D05008 /* FirebaseMessaging in Frameworks */,
				BC1D57B82B4A741700D05008 /* FirebaseInstallations in Frameworks */,
			);
			runOnlyForDeploymentPostprocessing = 0;
		};
/* End PBXFrameworksBuildPhase section */

/* Begin PBXGroup section */
		BC1D57422B3F065D00D05008 = {
			isa = PBXGroup;
			children = (
				BC1D574D2B3F065D00D05008 /* Instagram_Tutorial */,
				BC1D574C2B3F065D00D05008 /* Products */,
			);
			sourceTree = "<group>";
		};
		BC1D574C2B3F065D00D05008 /* Products */ = {
			isa = PBXGroup;
			children = (
				BC1D574B2B3F065D00D05008 /* Instagram_Tutorial.app */,
			);
			name = Products;
			sourceTree = "<group>";
		};
		BC1D574D2B3F065D00D05008 /* Instagram_Tutorial */ = {
			isa = PBXGroup;
			children = (
				BC1D57612B3F067B00D05008 /* Core */,
				BC1D57602B3F067200D05008 /* App */,
				BC1D575D2B3F067100D05008 /* Model */,
				BC1D575C2B3F066B00D05008 /* Services */,
				BC1D57522B3F065E00D05008 /* Assets.xcassets */,
				BC1D578E2B4A736700D05008 /* GoogleService-Info.plist */,
				BC1D57542B3F065E00D05008 /* Preview Content */,
			);
			path = Instagram_Tutorial;
			sourceTree = "<group>";
		};
		BC1D57542B3F065E00D05008 /* Preview Content */ = {
			isa = PBXGroup;
			children = (
				BC1D57552B3F065E00D05008 /* Preview Assets.xcassets */,
			);
			path = "Preview Content";
			sourceTree = "<group>";
		};
		BC1D575C2B3F066B00D05008 /* Services */ = {
			isa = PBXGroup;
			children = (
				BC1D57E62B4D7B7200D05008 /* UserService.swift */,
			);
			path = Services;
			sourceTree = "<group>";
		};
		BC1D575D2B3F067100D05008 /* Model */ = {
			isa = PBXGroup;
			children = (
				BC1D57802B46497A00D05008 /* User.swift */,
				BC1D57822B482C5800D05008 /* Post.swift */,
			);
			path = Model;
			sourceTree = "<group>";
		};
		BC1D57602B3F067200D05008 /* App */ = {
			isa = PBXGroup;
			children = (
				BC1D574E2B3F065D00D05008 /* Instagram_TutorialApp.swift */,
				BC1D57502B3F065D00D05008 /* MainView.swift */,
				BC1D57CB2B4A89ED00D05008 /* MainViewModel.swift */,
			);
			path = App;
			sourceTree = "<group>";
		};
		BC1D57612B3F067B00D05008 /* Core */ = {
			isa = PBXGroup;
			children = (
				BC1D576F2B4046E900D05008 /* Component */,
				BC1D57682B3F06FF00D05008 /* TabBar */,
				BC1D57672B3F06FE00D05008 /* UploadPost */,
				BC1D57662B3F06F500D05008 /* Search */,
				BC1D57652B3F06ED00D05008 /* Root */,
				BC1D57642B3F06E300D05008 /* Profile */,
				BC1D57632B3F06DD00D05008 /* Feed */,
				BC1D57622B3F06B100D05008 /* Auth */,
			);
			path = Core;
			sourceTree = "<group>";
		};
		BC1D57622B3F06B100D05008 /* Auth */ = {
			isa = PBXGroup;
			children = (
				BC1D57CD2B4A8F8C00D05008 /* ViewModel */,
				BC1D57CA2B4A766000D05008 /* Service */,
				BC1D57C92B4A765500D05008 /* View */,
			);
			path = Auth;
			sourceTree = "<group>";
		};
		BC1D57632B3F06DD00D05008 /* Feed */ = {
			isa = PBXGroup;
			children = (
				BC1D57722B41551300D05008 /* FeedView.swift */,
				BC1D57742B41551800D05008 /* FeedCell.swift */,
			);
			path = Feed;
			sourceTree = "<group>";
		};
		BC1D57642B3F06E300D05008 /* Profile */ = {
			isa = PBXGroup;
			children = (
				BC1D576D2B3F090800D05008 /* ProfileView.swift */,
				BC1D57862B48382800D05008 /* ProfileHeaderView.swift */,
				BC88D6DA2B4FFF4D0051751A /* EditProfileButton.swift */,
				BC88D6DC2B4FFF980051751A /* ProfileFollowButton.swift */,
				BC1D57E22B4B930E00D05008 /* ProfileEditView.swift */,
				BC1D57E42B4B938D00D05008 /* ProfileEditViewModel.swift */,
			);
			path = Profile;
			sourceTree = "<group>";
		};
		BC1D57652B3F06ED00D05008 /* Root */ = {
			isa = PBXGroup;
			children = (
			);
			path = Root;
			sourceTree = "<group>";
		};
		BC1D57662B3F06F500D05008 /* Search */ = {
			isa = PBXGroup;
			children = (
				BC1D57762B425F8600D05008 /* SearchView.swift */,
				BC1D57DC2B4AD71300D05008 /* SearchViewModel.swift */,
				BC1D577A2B4263C000D05008 /* UserSummaryCell.swift */,
			);
			path = Search;
			sourceTree = "<group>";
		};
		BC1D57672B3F06FE00D05008 /* UploadPost */ = {
			isa = PBXGroup;
			children = (
				BC1D57882B493F7C00D05008 /* UploadPostView.swift */,
				BC1D578A2B49430100D05008 /* UploadPostViewModel.swift */,
			);
			path = UploadPost;
			sourceTree = "<group>";
		};
		BC1D57682B3F06FF00D05008 /* TabBar */ = {
			isa = PBXGroup;
			children = (
				BC1D57692B3F07D800D05008 /* MainTabView.swift */,
			);
			path = TabBar;
			sourceTree = "<group>";
		};
		BC1D576F2B4046E900D05008 /* Component */ = {
			isa = PBXGroup;
			children = (
				BC1D57702B4046F700D05008 /* UserStatView.swift */,
				BC1D578C2B494A9400D05008 /* Binding+Optional.swift */,
				BC1D57842B4837E900D05008 /* UserPostGridView.swift */,
				BC1D57DE2B4AE0FC00D05008 /* ProfileImage.swift */,
				BC1D57E02B4AE36B00D05008 /* String+Util.swift */,
			);
			path = Component;
			sourceTree = "<group>";
		};
		BC1D57C92B4A765500D05008 /* View */ = {
			isa = PBXGroup;
			children = (
				BC1D577C2B443C6F00D05008 /* LoginView.swift */,
				BC1D57DA2B4AC93100D05008 /* LoginViewModel.swift */,
				BC1D577E2B44F4F500D05008 /* EnterEmailView.swift */,
				BC1D57D42B4A969000D05008 /* EnterPasswordView.swift */,
				BC1D57D62B4A96F900D05008 /* EnterUserNameView.swift */,
				BC1D57D82B4A9A3900D05008 /* CompleteSignUpView.swift */,
				BC1D57D02B4A94D800D05008 /* EmailPasswordTextField.swift */,
			);
			path = View;
			sourceTree = "<group>";
		};
		BC1D57CA2B4A766000D05008 /* Service */ = {
			isa = PBXGroup;
			children = (
				BC1D57C72B4A764F00D05008 /* AuthService.swift */,
			);
			path = Service;
			sourceTree = "<group>";
		};
		BC1D57CD2B4A8F8C00D05008 /* ViewModel */ = {
			isa = PBXGroup;
			children = (
				BC1D57CE2B4A8F9A00D05008 /* SignupViewModel.swift */,
			);
			path = ViewModel;
			sourceTree = "<group>";
		};
/* End PBXGroup section */

/* Begin PBXNativeTarget section */
		BC1D574A2B3F065D00D05008 /* Instagram_Tutorial */ = {
			isa = PBXNativeTarget;
			buildConfigurationList = BC1D57592B3F065E00D05008 /* Build configuration list for PBXNativeTarget "Instagram_Tutorial" */;
			buildPhases = (
				BC1D57472B3F065D00D05008 /* Sources */,
				BC1D57482B3F065D00D05008 /* Frameworks */,
				BC1D57492B3F065D00D05008 /* Resources */,
			);
			buildRules = (
			);
			dependencies = (
			);
			name = Instagram_Tutorial;
			packageProductDependencies = (
				BC1D57912B4A741700D05008 /* FirebaseAnalytics */,
				BC1D57932B4A741700D05008 /* FirebaseAnalyticsOnDeviceConversion */,
				BC1D57952B4A741700D05008 /* FirebaseAnalyticsSwift */,
				BC1D57972B4A741700D05008 /* FirebaseAnalyticsWithoutAdIdSupport */,
				BC1D57992B4A741700D05008 /* FirebaseAppCheck */,
				BC1D579B2B4A741700D05008 /* FirebaseAppDistribution-Beta */,
				BC1D579D2B4A741700D05008 /* FirebaseAuth */,
				BC1D579F2B4A741700D05008 /* FirebaseAuthCombine-Community */,
				BC1D57A12B4A741700D05008 /* FirebaseCrashlytics */,
				BC1D57A32B4A741700D05008 /* FirebaseDatabase */,
				BC1D57A52B4A741700D05008 /* FirebaseDatabaseSwift */,
				BC1D57A72B4A741700D05008 /* FirebaseDynamicLinks */,
				BC1D57A92B4A741700D05008 /* FirebaseFirestore */,
				BC1D57AB2B4A741700D05008 /* FirebaseFirestoreCombine-Community */,
				BC1D57AD2B4A741700D05008 /* FirebaseFirestoreSwift */,
				BC1D57AF2B4A741700D05008 /* FirebaseFunctions */,
				BC1D57B12B4A741700D05008 /* FirebaseFunctionsCombine-Community */,
				BC1D57B32B4A741700D05008 /* FirebaseInAppMessaging-Beta */,
				BC1D57B52B4A741700D05008 /* FirebaseInAppMessagingSwift-Beta */,
				BC1D57B72B4A741700D05008 /* FirebaseInstallations */,
				BC1D57B92B4A741700D05008 /* FirebaseMLModelDownloader */,
				BC1D57BB2B4A741700D05008 /* FirebaseMessaging */,
				BC1D57BD2B4A741700D05008 /* FirebasePerformance */,
				BC1D57BF2B4A741700D05008 /* FirebaseRemoteConfig */,
				BC1D57C12B4A741700D05008 /* FirebaseRemoteConfigSwift */,
				BC1D57C32B4A741700D05008 /* FirebaseStorage */,
				BC1D57C52B4A741700D05008 /* FirebaseStorageCombine-Community */,
			);
			productName = Instagram_Tutorial;
			productReference = BC1D574B2B3F065D00D05008 /* Instagram_Tutorial.app */;
			productType = "com.apple.product-type.application";
		};
/* End PBXNativeTarget section */

/* Begin PBXProject section */
		BC1D57432B3F065D00D05008 /* Project object */ = {
			isa = PBXProject;
			attributes = {
				BuildIndependentTargetsInParallel = 1;
				LastSwiftUpdateCheck = 1500;
				LastUpgradeCheck = 1500;
				TargetAttributes = {
					BC1D574A2B3F065D00D05008 = {
						CreatedOnToolsVersion = 15.0;
					};
				};
			};
			buildConfigurationList = BC1D57462B3F065D00D05008 /* Build configuration list for PBXProject "Instagram_Tutorial" */;
			compatibilityVersion = "Xcode 14.0";
			developmentRegion = en;
			hasScannedForEncodings = 0;
			knownRegions = (
				en,
				Base,
			);
			mainGroup = BC1D57422B3F065D00D05008;
			packageReferences = (
				BC1D57902B4A741700D05008 /* XCRemoteSwiftPackageReference "firebase-ios-sdk" */,
			);
			productRefGroup = BC1D574C2B3F065D00D05008 /* Products */;
			projectDirPath = "";
			projectRoot = "";
			targets = (
				BC1D574A2B3F065D00D05008 /* Instagram_Tutorial */,
			);
		};
/* End PBXProject section */

/* Begin PBXResourcesBuildPhase section */
		BC1D57492B3F065D00D05008 /* Resources */ = {
			isa = PBXResourcesBuildPhase;
			buildActionMask = 2147483647;
			files = (
				BC1D57562B3F065E00D05008 /* Preview Assets.xcassets in Resources */,
				BC1D57532B3F065E00D05008 /* Assets.xcassets in Resources */,
				BC1D578F2B4A736700D05008 /* GoogleService-Info.plist in Resources */,
			);
			runOnlyForDeploymentPostprocessing = 0;
		};
/* End PBXResourcesBuildPhase section */

/* Begin PBXSourcesBuildPhase section */
		BC1D57472B3F065D00D05008 /* Sources */ = {
			isa = PBXSourcesBuildPhase;
			buildActionMask = 2147483647;
			files = (
				BC1D57752B41551800D05008 /* FeedCell.swift in Sources */,
				BC1D576E2B3F090800D05008 /* ProfileView.swift in Sources */,
				BC1D57512B3F065D00D05008 /* MainView.swift in Sources */,
				BC88D6DB2B4FFF4D0051751A /* EditProfileButton.swift in Sources */,
				BC1D57D72B4A96F900D05008 /* EnterUserNameView.swift in Sources */,
				BC1D57CF2B4A8F9A00D05008 /* SignupViewModel.swift in Sources */,
				BC1D57D92B4A9A3900D05008 /* CompleteSignUpView.swift in Sources */,
				BC1D57852B4837E900D05008 /* UserPostGridView.swift in Sources */,
				BC88D6DD2B4FFF980051751A /* ProfileFollowButton.swift in Sources */,
				BC1D57E12B4AE36B00D05008 /* String+Util.swift in Sources */,
				BC1D574F2B3F065D00D05008 /* Instagram_TutorialApp.swift in Sources */,
				BC1D57DB2B4AC93100D05008 /* LoginViewModel.swift in Sources */,
				BC1D57DF2B4AE0FC00D05008 /* ProfileImage.swift in Sources */,
				BC1D578D2B494A9400D05008 /* Binding+Optional.swift in Sources */,
				BC1D57C82B4A764F00D05008 /* AuthService.swift in Sources */,
				BC1D57892B493F7C00D05008 /* UploadPostView.swift in Sources */,
				BC1D57832B482C5800D05008 /* Post.swift in Sources */,
				BC1D57E52B4B938D00D05008 /* ProfileEditViewModel.swift in Sources */,
				BC1D57772B425F8600D05008 /* SearchView.swift in Sources */,
				BC1D57872B48382800D05008 /* ProfileHeaderView.swift in Sources */,
				BC1D577F2B44F4F500D05008 /* EnterEmailView.swift in Sources */,
				BC1D578B2B49430100D05008 /* UploadPostViewModel.swift in Sources */,
				BC1D57712B4046F700D05008 /* UserStatView.swift in Sources */,
				BC1D577B2B4263C000D05008 /* UserSummaryCell.swift in Sources */,
				BC1D57CC2B4A89ED00D05008 /* MainViewModel.swift in Sources */,
				BC1D57E32B4B930E00D05008 /* ProfileEditView.swift in Sources */,
				BC1D57812B46497A00D05008 /* User.swift in Sources */,
				BC1D57732B41551300D05008 /* FeedView.swift in Sources */,
				BC1D57D12B4A94D800D05008 /* EmailPasswordTextField.swift in Sources */,
				BC1D577D2B443C6F00D05008 /* LoginView.swift in Sources */,
				BC1D57E72B4D7B7200D05008 /* UserService.swift in Sources */,
				BC1D57DD2B4AD71300D05008 /* SearchViewModel.swift in Sources */,
				BC1D576A2B3F07D800D05008 /* MainTabView.swift in Sources */,
				BC1D57D52B4A969000D05008 /* EnterPasswordView.swift in Sources */,
			);
			runOnlyForDeploymentPostprocessing = 0;
		};
/* End PBXSourcesBuildPhase section */

/* Begin XCBuildConfiguration section */
		BC1D57572B3F065E00D05008 /* Debug */ = {
			isa = XCBuildConfiguration;
			buildSettings = {
				ALWAYS_SEARCH_USER_PATHS = NO;
				ASSETCATALOG_COMPILER_GENERATE_SWIFT_ASSET_SYMBOL_EXTENSIONS = YES;
				CLANG_ANALYZER_NONNULL = YES;
				CLANG_ANALYZER_NUMBER_OBJECT_CONVERSION = YES_AGGRESSIVE;
				CLANG_CXX_LANGUAGE_STANDARD = "gnu++20";
				CLANG_ENABLE_MODULES = YES;
				CLANG_ENABLE_OBJC_ARC = YES;
				CLANG_ENABLE_OBJC_WEAK = YES;
				CLANG_WARN_BLOCK_CAPTURE_AUTORELEASING = YES;
				CLANG_WARN_BOOL_CONVERSION = YES;
				CLANG_WARN_COMMA = YES;
				CLANG_WARN_CONSTANT_CONVERSION = YES;
				CLANG_WARN_DEPRECATED_OBJC_IMPLEMENTATIONS = YES;
				CLANG_WARN_DIRECT_OBJC_ISA_USAGE = YES_ERROR;
				CLANG_WARN_DOCUMENTATION_COMMENTS = YES;
				CLANG_WARN_EMPTY_BODY = YES;
				CLANG_WARN_ENUM_CONVERSION = YES;
				CLANG_WARN_INFINITE_RECURSION = YES;
				CLANG_WARN_INT_CONVERSION = YES;
				CLANG_WARN_NON_LITERAL_NULL_CONVERSION = YES;
				CLANG_WARN_OBJC_IMPLICIT_RETAIN_SELF = YES;
				CLANG_WARN_OBJC_LITERAL_CONVERSION = YES;
				CLANG_WARN_OBJC_ROOT_CLASS = YES_ERROR;
				CLANG_WARN_QUOTED_INCLUDE_IN_FRAMEWORK_HEADER = YES;
				CLANG_WARN_RANGE_LOOP_ANALYSIS = YES;
				CLANG_WARN_STRICT_PROTOTYPES = YES;
				CLANG_WARN_SUSPICIOUS_MOVE = YES;
				CLANG_WARN_UNGUARDED_AVAILABILITY = YES_AGGRESSIVE;
				CLANG_WARN_UNREACHABLE_CODE = YES;
				CLANG_WARN__DUPLICATE_METHOD_MATCH = YES;
				COPY_PHASE_STRIP = NO;
				DEBUG_INFORMATION_FORMAT = dwarf;
				ENABLE_STRICT_OBJC_MSGSEND = YES;
				ENABLE_TESTABILITY = YES;
				ENABLE_USER_SCRIPT_SANDBOXING = YES;
				GCC_C_LANGUAGE_STANDARD = gnu17;
				GCC_DYNAMIC_NO_PIC = NO;
				GCC_NO_COMMON_BLOCKS = YES;
				GCC_OPTIMIZATION_LEVEL = 0;
				GCC_PREPROCESSOR_DEFINITIONS = (
					"DEBUG=1",
					"$(inherited)",
				);
				GCC_WARN_64_TO_32_BIT_CONVERSION = YES;
				GCC_WARN_ABOUT_RETURN_TYPE = YES_ERROR;
				GCC_WARN_UNDECLARED_SELECTOR = YES;
				GCC_WARN_UNINITIALIZED_AUTOS = YES_AGGRESSIVE;
				GCC_WARN_UNUSED_FUNCTION = YES;
				GCC_WARN_UNUSED_VARIABLE = YES;
				IPHONEOS_DEPLOYMENT_TARGET = 17.0;
				LOCALIZATION_PREFERS_STRING_CATALOGS = YES;
				MTL_ENABLE_DEBUG_INFO = INCLUDE_SOURCE;
				MTL_FAST_MATH = YES;
				ONLY_ACTIVE_ARCH = YES;
				SDKROOT = iphoneos;
				SWIFT_ACTIVE_COMPILATION_CONDITIONS = "DEBUG $(inherited)";
				SWIFT_OPTIMIZATION_LEVEL = "-Onone";
			};
			name = Debug;
		};
		BC1D57582B3F065E00D05008 /* Release */ = {
			isa = XCBuildConfiguration;
			buildSettings = {
				ALWAYS_SEARCH_USER_PATHS = NO;
				ASSETCATALOG_COMPILER_GENERATE_SWIFT_ASSET_SYMBOL_EXTENSIONS = YES;
				CLANG_ANALYZER_NONNULL = YES;
				CLANG_ANALYZER_NUMBER_OBJECT_CONVERSION = YES_AGGRESSIVE;
				CLANG_CXX_LANGUAGE_STANDARD = "gnu++20";
				CLANG_ENABLE_MODULES = YES;
				CLANG_ENABLE_OBJC_ARC = YES;
				CLANG_ENABLE_OBJC_WEAK = YES;
				CLANG_WARN_BLOCK_CAPTURE_AUTORELEASING = YES;
				CLANG_WARN_BOOL_CONVERSION = YES;
				CLANG_WARN_COMMA = YES;
				CLANG_WARN_CONSTANT_CONVERSION = YES;
				CLANG_WARN_DEPRECATED_OBJC_IMPLEMENTATIONS = YES;
				CLANG_WARN_DIRECT_OBJC_ISA_USAGE = YES_ERROR;
				CLANG_WARN_DOCUMENTATION_COMMENTS = YES;
				CLANG_WARN_EMPTY_BODY = YES;
				CLANG_WARN_ENUM_CONVERSION = YES;
				CLANG_WARN_INFINITE_RECURSION = YES;
				CLANG_WARN_INT_CONVERSION = YES;
				CLANG_WARN_NON_LITERAL_NULL_CONVERSION = YES;
				CLANG_WARN_OBJC_IMPLICIT_RETAIN_SELF = YES;
				CLANG_WARN_OBJC_LITERAL_CONVERSION = YES;
				CLANG_WARN_OBJC_ROOT_CLASS = YES_ERROR;
				CLANG_WARN_QUOTED_INCLUDE_IN_FRAMEWORK_HEADER = YES;
				CLANG_WARN_RANGE_LOOP_ANALYSIS = YES;
				CLANG_WARN_STRICT_PROTOTYPES = YES;
				CLANG_WARN_SUSPICIOUS_MOVE = YES;
				CLANG_WARN_UNGUARDED_AVAILABILITY = YES_AGGRESSIVE;
				CLANG_WARN_UNREACHABLE_CODE = YES;
				CLANG_WARN__DUPLICATE_METHOD_MATCH = YES;
				COPY_PHASE_STRIP = NO;
				DEBUG_INFORMATION_FORMAT = "dwarf-with-dsym";
				ENABLE_NS_ASSERTIONS = NO;
				ENABLE_STRICT_OBJC_MSGSEND = YES;
				ENABLE_USER_SCRIPT_SANDBOXING = YES;
				GCC_C_LANGUAGE_STANDARD = gnu17;
				GCC_NO_COMMON_BLOCKS = YES;
				GCC_WARN_64_TO_32_BIT_CONVERSION = YES;
				GCC_WARN_ABOUT_RETURN_TYPE = YES_ERROR;
				GCC_WARN_UNDECLARED_SELECTOR = YES;
				GCC_WARN_UNINITIALIZED_AUTOS = YES_AGGRESSIVE;
				GCC_WARN_UNUSED_FUNCTION = YES;
				GCC_WARN_UNUSED_VARIABLE = YES;
				IPHONEOS_DEPLOYMENT_TARGET = 17.0;
				LOCALIZATION_PREFERS_STRING_CATALOGS = YES;
				MTL_ENABLE_DEBUG_INFO = NO;
				MTL_FAST_MATH = YES;
				SDKROOT = iphoneos;
				SWIFT_COMPILATION_MODE = wholemodule;
				VALIDATE_PRODUCT = YES;
			};
			name = Release;
		};
		BC1D575A2B3F065E00D05008 /* Debug */ = {
			isa = XCBuildConfiguration;
			buildSettings = {
				ASSETCATALOG_COMPILER_APPICON_NAME = AppIcon;
				ASSETCATALOG_COMPILER_GLOBAL_ACCENT_COLOR_NAME = AccentColor;
				CODE_SIGN_STYLE = Automatic;
				CURRENT_PROJECT_VERSION = 1;
				DEVELOPMENT_ASSET_PATHS = "\"Instagram_Tutorial/Preview Content\"";
				DEVELOPMENT_TEAM = A6HM92H898;
				ENABLE_PREVIEWS = YES;
				GENERATE_INFOPLIST_FILE = YES;
				INFOPLIST_KEY_UIApplicationSceneManifest_Generation = YES;
				INFOPLIST_KEY_UIApplicationSupportsIndirectInputEvents = YES;
				INFOPLIST_KEY_UILaunchScreen_Generation = YES;
				INFOPLIST_KEY_UISupportedInterfaceOrientations_iPad = "UIInterfaceOrientationPortrait UIInterfaceOrientationPortraitUpsideDown UIInterfaceOrientationLandscapeLeft UIInterfaceOrientationLandscapeRight";
				INFOPLIST_KEY_UISupportedInterfaceOrientations_iPhone = "UIInterfaceOrientationPortrait UIInterfaceOrientationLandscapeLeft UIInterfaceOrientationLandscapeRight";
				LD_RUNPATH_SEARCH_PATHS = (
					"$(inherited)",
					"@executable_path/Frameworks",
				);
				MARKETING_VERSION = 1.0;
				PRODUCT_BUNDLE_IDENTIFIER = com.eddysong.ainstagram;
				PRODUCT_NAME = "$(TARGET_NAME)";
				SWIFT_EMIT_LOC_STRINGS = YES;
				SWIFT_VERSION = 5.0;
				TARGETED_DEVICE_FAMILY = "1,2";
			};
			name = Debug;
		};
		BC1D575B2B3F065E00D05008 /* Release */ = {
			isa = XCBuildConfiguration;
			buildSettings = {
				ASSETCATALOG_COMPILER_APPICON_NAME = AppIcon;
				ASSETCATALOG_COMPILER_GLOBAL_ACCENT_COLOR_NAME = AccentColor;
				CODE_SIGN_STYLE = Automatic;
				CURRENT_PROJECT_VERSION = 1;
				DEVELOPMENT_ASSET_PATHS = "\"Instagram_Tutorial/Preview Content\"";
				DEVELOPMENT_TEAM = A6HM92H898;
				ENABLE_PREVIEWS = YES;
				GENERATE_INFOPLIST_FILE = YES;
				INFOPLIST_KEY_UIApplicationSceneManifest_Generation = YES;
				INFOPLIST_KEY_UIApplicationSupportsIndirectInputEvents = YES;
				INFOPLIST_KEY_UILaunchScreen_Generation = YES;
				INFOPLIST_KEY_UISupportedInterfaceOrientations_iPad = "UIInterfaceOrientationPortrait UIInterfaceOrientationPortraitUpsideDown UIInterfaceOrientationLandscapeLeft UIInterfaceOrientationLandscapeRight";
				INFOPLIST_KEY_UISupportedInterfaceOrientations_iPhone = "UIInterfaceOrientationPortrait UIInterfaceOrientationLandscapeLeft UIInterfaceOrientationLandscapeRight";
				LD_RUNPATH_SEARCH_PATHS = (
					"$(inherited)",
					"@executable_path/Frameworks",
				);
				MARKETING_VERSION = 1.0;
				PRODUCT_BUNDLE_IDENTIFIER = com.eddysong.ainstagram;
				PRODUCT_NAME = "$(TARGET_NAME)";
				SWIFT_EMIT_LOC_STRINGS = YES;
				SWIFT_VERSION = 5.0;
				TARGETED_DEVICE_FAMILY = "1,2";
			};
			name = Release;
		};
/* End XCBuildConfiguration section */

/* Begin XCConfigurationList section */
		BC1D57462B3F065D00D05008 /* Build configuration list for PBXProject "Instagram_Tutorial" */ = {
			isa = XCConfigurationList;
			buildConfigurations = (
				BC1D57572B3F065E00D05008 /* Debug */,
				BC1D57582B3F065E00D05008 /* Release */,
			);
			defaultConfigurationIsVisible = 0;
			defaultConfigurationName = Release;
		};
		BC1D57592B3F065E00D05008 /* Build configuration list for PBXNativeTarget "Instagram_Tutorial" */ = {
			isa = XCConfigurationList;
			buildConfigurations = (
				BC1D575A2B3F065E00D05008 /* Debug */,
				BC1D575B2B3F065E00D05008 /* Release */,
			);
			defaultConfigurationIsVisible = 0;
			defaultConfigurationName = Release;
		};
/* End XCConfigurationList section */

/* Begin XCRemoteSwiftPackageReference section */
		BC1D57902B4A741700D05008 /* XCRemoteSwiftPackageReference "firebase-ios-sdk" */ = {
			isa = XCRemoteSwiftPackageReference;
			repositoryURL = "https://github.com/firebase/firebase-ios-sdk";
			requirement = {
				kind = upToNextMajorVersion;
				minimumVersion = 10.19.1;
			};
		};
/* End XCRemoteSwiftPackageReference section */

/* Begin XCSwiftPackageProductDependency section */
		BC1D57912B4A741700D05008 /* FirebaseAnalytics */ = {
			isa = XCSwiftPackageProductDependency;
			package = BC1D57902B4A741700D05008 /* XCRemoteSwiftPackageReference "firebase-ios-sdk" */;
			productName = FirebaseAnalytics;
		};
		BC1D57932B4A741700D05008 /* FirebaseAnalyticsOnDeviceConversion */ = {
			isa = XCSwiftPackageProductDependency;
			package = BC1D57902B4A741700D05008 /* XCRemoteSwiftPackageReference "firebase-ios-sdk" */;
			productName = FirebaseAnalyticsOnDeviceConversion;
		};
		BC1D57952B4A741700D05008 /* FirebaseAnalyticsSwift */ = {
			isa = XCSwiftPackageProductDependency;
			package = BC1D57902B4A741700D05008 /* XCRemoteSwiftPackageReference "firebase-ios-sdk" */;
			productName = FirebaseAnalyticsSwift;
		};
		BC1D57972B4A741700D05008 /* FirebaseAnalyticsWithoutAdIdSupport */ = {
			isa = XCSwiftPackageProductDependency;
			package = BC1D57902B4A741700D05008 /* XCRemoteSwiftPackageReference "firebase-ios-sdk" */;
			productName = FirebaseAnalyticsWithoutAdIdSupport;
		};
		BC1D57992B4A741700D05008 /* FirebaseAppCheck */ = {
			isa = XCSwiftPackageProductDependency;
			package = BC1D57902B4A741700D05008 /* XCRemoteSwiftPackageReference "firebase-ios-sdk" */;
			productName = FirebaseAppCheck;
		};
		BC1D579B2B4A741700D05008 /* FirebaseAppDistribution-Beta */ = {
			isa = XCSwiftPackageProductDependency;
			package = BC1D57902B4A741700D05008 /* XCRemoteSwiftPackageReference "firebase-ios-sdk" */;
			productName = "FirebaseAppDistribution-Beta";
		};
		BC1D579D2B4A741700D05008 /* FirebaseAuth */ = {
			isa = XCSwiftPackageProductDependency;
			package = BC1D57902B4A741700D05008 /* XCRemoteSwiftPackageReference "firebase-ios-sdk" */;
			productName = FirebaseAuth;
		};
		BC1D579F2B4A741700D05008 /* FirebaseAuthCombine-Community */ = {
			isa = XCSwiftPackageProductDependency;
			package = BC1D57902B4A741700D05008 /* XCRemoteSwiftPackageReference "firebase-ios-sdk" */;
			productName = "FirebaseAuthCombine-Community";
		};
		BC1D57A12B4A741700D05008 /* FirebaseCrashlytics */ = {
			isa = XCSwiftPackageProductDependency;
			package = BC1D57902B4A741700D05008 /* XCRemoteSwiftPackageReference "firebase-ios-sdk" */;
			productName = FirebaseCrashlytics;
		};
		BC1D57A32B4A741700D05008 /* FirebaseDatabase */ = {
			isa = XCSwiftPackageProductDependency;
			package = BC1D57902B4A741700D05008 /* XCRemoteSwiftPackageReference "firebase-ios-sdk" */;
			productName = FirebaseDatabase;
		};
		BC1D57A52B4A741700D05008 /* FirebaseDatabaseSwift */ = {
			isa = XCSwiftPackageProductDependency;
			package = BC1D57902B4A741700D05008 /* XCRemoteSwiftPackageReference "firebase-ios-sdk" */;
			productName = FirebaseDatabaseSwift;
		};
		BC1D57A72B4A741700D05008 /* FirebaseDynamicLinks */ = {
			isa = XCSwiftPackageProductDependency;
			package = BC1D57902B4A741700D05008 /* XCRemoteSwiftPackageReference "firebase-ios-sdk" */;
			productName = FirebaseDynamicLinks;
		};
		BC1D57A92B4A741700D05008 /* FirebaseFirestore */ = {
			isa = XCSwiftPackageProductDependency;
			package = BC1D57902B4A741700D05008 /* XCRemoteSwiftPackageReference "firebase-ios-sdk" */;
			productName = FirebaseFirestore;
		};
		BC1D57AB2B4A741700D05008 /* FirebaseFirestoreCombine-Community */ = {
			isa = XCSwiftPackageProductDependency;
			package = BC1D57902B4A741700D05008 /* XCRemoteSwiftPackageReference "firebase-ios-sdk" */;
			productName = "FirebaseFirestoreCombine-Community";
		};
		BC1D57AD2B4A741700D05008 /* FirebaseFirestoreSwift */ = {
			isa = XCSwiftPackageProductDependency;
			package = BC1D57902B4A741700D05008 /* XCRemoteSwiftPackageReference "firebase-ios-sdk" */;
			productName = FirebaseFirestoreSwift;
		};
		BC1D57AF2B4A741700D05008 /* FirebaseFunctions */ = {
			isa = XCSwiftPackageProductDependency;
			package = BC1D57902B4A741700D05008 /* XCRemoteSwiftPackageReference "firebase-ios-sdk" */;
			productName = FirebaseFunctions;
		};
		BC1D57B12B4A741700D05008 /* FirebaseFunctionsCombine-Community */ = {
			isa = XCSwiftPackageProductDependency;
			package = BC1D57902B4A741700D05008 /* XCRemoteSwiftPackageReference "firebase-ios-sdk" */;
			productName = "FirebaseFunctionsCombine-Community";
		};
		BC1D57B32B4A741700D05008 /* FirebaseInAppMessaging-Beta */ = {
			isa = XCSwiftPackageProductDependency;
			package = BC1D57902B4A741700D05008 /* XCRemoteSwiftPackageReference "firebase-ios-sdk" */;
			productName = "FirebaseInAppMessaging-Beta";
		};
		BC1D57B52B4A741700D05008 /* FirebaseInAppMessagingSwift-Beta */ = {
			isa = XCSwiftPackageProductDependency;
			package = BC1D57902B4A741700D05008 /* XCRemoteSwiftPackageReference "firebase-ios-sdk" */;
			productName = "FirebaseInAppMessagingSwift-Beta";
		};
		BC1D57B72B4A741700D05008 /* FirebaseInstallations */ = {
			isa = XCSwiftPackageProductDependency;
			package = BC1D57902B4A741700D05008 /* XCRemoteSwiftPackageReference "firebase-ios-sdk" */;
			productName = FirebaseInstallations;
		};
		BC1D57B92B4A741700D05008 /* FirebaseMLModelDownloader */ = {
			isa = XCSwiftPackageProductDependency;
			package = BC1D57902B4A741700D05008 /* XCRemoteSwiftPackageReference "firebase-ios-sdk" */;
			productName = FirebaseMLModelDownloader;
		};
		BC1D57BB2B4A741700D05008 /* FirebaseMessaging */ = {
			isa = XCSwiftPackageProductDependency;
			package = BC1D57902B4A741700D05008 /* XCRemoteSwiftPackageReference "firebase-ios-sdk" */;
			productName = FirebaseMessaging;
		};
		BC1D57BD2B4A741700D05008 /* FirebasePerformance */ = {
			isa = XCSwiftPackageProductDependency;
			package = BC1D57902B4A741700D05008 /* XCRemoteSwiftPackageReference "firebase-ios-sdk" */;
			productName = FirebasePerformance;
		};
		BC1D57BF2B4A741700D05008 /* FirebaseRemoteConfig */ = {
			isa = XCSwiftPackageProductDependency;
			package = BC1D57902B4A741700D05008 /* XCRemoteSwiftPackageReference "firebase-ios-sdk" */;
			productName = FirebaseRemoteConfig;
		};
		BC1D57C12B4A741700D05008 /* FirebaseRemoteConfigSwift */ = {
			isa = XCSwiftPackageProductDependency;
			package = BC1D57902B4A741700D05008 /* XCRemoteSwiftPackageReference "firebase-ios-sdk" */;
			productName = FirebaseRemoteConfigSwift;
		};
		BC1D57C32B4A741700D05008 /* FirebaseStorage */ = {
			isa = XCSwiftPackageProductDependency;
			package = BC1D57902B4A741700D05008 /* XCRemoteSwiftPackageReference "firebase-ios-sdk" */;
			productName = FirebaseStorage;
		};
		BC1D57C52B4A741700D05008 /* FirebaseStorageCombine-Community */ = {
			isa = XCSwiftPackageProductDependency;
			package = BC1D57902B4A741700D05008 /* XCRemoteSwiftPackageReference "firebase-ios-sdk" */;
			productName = "FirebaseStorageCombine-Community";
		};
/* End XCSwiftPackageProductDependency section */
	};
	rootObject = BC1D57432B3F065D00D05008 /* Project object */;
}
