// !$*UTF8*$!
{
	archiveVersion = 1;
	classes = {
	};
	objectVersion = 56;
	objects = {

/* Begin PBXBuildFile section */
		BC1D574F2B3F065D00D05008 /* Instagram_TutorialApp.swift in Sources */ = {isa = PBXBuildFile; fileRef = BC1D574E2B3F065D00D05008 /* Instagram_TutorialApp.swift */; };
		BC1D57512B3F065D00D05008 /* ContentView.swift in Sources */ = {isa = PBXBuildFile; fileRef = BC1D57502B3F065D00D05008 /* ContentView.swift */; };
		BC1D57532B3F065E00D05008 /* Assets.xcassets in Resources */ = {isa = PBXBuildFile; fileRef = BC1D57522B3F065E00D05008 /* Assets.xcassets */; };
		BC1D57562B3F065E00D05008 /* Preview Assets.xcassets in Resources */ = {isa = PBXBuildFile; fileRef = BC1D57552B3F065E00D05008 /* Preview Assets.xcassets */; };
		BC1D576A2B3F07D800D05008 /* MainTabView.swift in Sources */ = {isa = PBXBuildFile; fileRef = BC1D57692B3F07D800D05008 /* MainTabView.swift */; };
		BC1D576E2B3F090800D05008 /* ProfileView.swift in Sources */ = {isa = PBXBuildFile; fileRef = BC1D576D2B3F090800D05008 /* ProfileView.swift */; };
		BC1D57712B4046F700D05008 /* UserStatView.swift in Sources */ = {isa = PBXBuildFile; fileRef = BC1D57702B4046F700D05008 /* UserStatView.swift */; };
		BC1D57732B41551300D05008 /* FeedView.swift in Sources */ = {isa = PBXBuildFile; fileRef = BC1D57722B41551300D05008 /* FeedView.swift */; };
		BC1D57752B41551800D05008 /* FeedCell.swift in Sources */ = {isa = PBXBuildFile; fileRef = BC1D57742B41551800D05008 /* FeedCell.swift */; };
		BC1D57772B425F8600D05008 /* SearchView.swift in Sources */ = {isa = PBXBuildFile; fileRef = BC1D57762B425F8600D05008 /* SearchView.swift */; };
		BC1D577B2B4263C000D05008 /* UserSummaryCell.swift in Sources */ = {isa = PBXBuildFile; fileRef = BC1D577A2B4263C000D05008 /* UserSummaryCell.swift */; };
		BC1D577D2B443C6F00D05008 /* LoginView.swift in Sources */ = {isa = PBXBuildFile; fileRef = BC1D577C2B443C6F00D05008 /* LoginView.swift */; };
		BC1D577F2B44F4F500D05008 /* SignUpView.swift in Sources */ = {isa = PBXBuildFile; fileRef = BC1D577E2B44F4F500D05008 /* SignUpView.swift */; };
		BC1D57812B46497A00D05008 /* User.swift in Sources */ = {isa = PBXBuildFile; fileRef = BC1D57802B46497A00D05008 /* User.swift */; };
		BC1D57832B482C5800D05008 /* Post.swift in Sources */ = {isa = PBXBuildFile; fileRef = BC1D57822B482C5800D05008 /* Post.swift */; };
		BC1D57852B4837E900D05008 /* UserPostGridView.swift in Sources */ = {isa = PBXBuildFile; fileRef = BC1D57842B4837E900D05008 /* UserPostGridView.swift */; };
		BC1D57872B48382800D05008 /* ProfileHeaderView.swift in Sources */ = {isa = PBXBuildFile; fileRef = BC1D57862B48382800D05008 /* ProfileHeaderView.swift */; };
/* End PBXBuildFile section */

/* Begin PBXFileReference section */
		BC1D574B2B3F065D00D05008 /* Instagram_Tutorial.app */ = {isa = PBXFileReference; explicitFileType = wrapper.application; includeInIndex = 0; path = Instagram_Tutorial.app; sourceTree = BUILT_PRODUCTS_DIR; };
		BC1D574E2B3F065D00D05008 /* Instagram_TutorialApp.swift */ = {isa = PBXFileReference; lastKnownFileType = sourcecode.swift; path = Instagram_TutorialApp.swift; sourceTree = "<group>"; };
		BC1D57502B3F065D00D05008 /* ContentView.swift */ = {isa = PBXFileReference; lastKnownFileType = sourcecode.swift; path = ContentView.swift; sourceTree = "<group>"; };
		BC1D57522B3F065E00D05008 /* Assets.xcassets */ = {isa = PBXFileReference; lastKnownFileType = folder.assetcatalog; path = Assets.xcassets; sourceTree = "<group>"; };
		BC1D57552B3F065E00D05008 /* Preview Assets.xcassets */ = {isa = PBXFileReference; lastKnownFileType = folder.assetcatalog; path = "Preview Assets.xcassets"; sourceTree = "<group>"; };
		BC1D57692B3F07D800D05008 /* MainTabView.swift */ = {isa = PBXFileReference; lastKnownFileType = sourcecode.swift; path = MainTabView.swift; sourceTree = "<group>"; };
		BC1D576D2B3F090800D05008 /* ProfileView.swift */ = {isa = PBXFileReference; lastKnownFileType = sourcecode.swift; path = ProfileView.swift; sourceTree = "<group>"; };
		BC1D57702B4046F700D05008 /* UserStatView.swift */ = {isa = PBXFileReference; lastKnownFileType = sourcecode.swift; path = UserStatView.swift; sourceTree = "<group>"; };
		BC1D57722B41551300D05008 /* FeedView.swift */ = {isa = PBXFileReference; lastKnownFileType = sourcecode.swift; path = FeedView.swift; sourceTree = "<group>"; };
		BC1D57742B41551800D05008 /* FeedCell.swift */ = {isa = PBXFileReference; lastKnownFileType = sourcecode.swift; path = FeedCell.swift; sourceTree = "<group>"; };
		BC1D57762B425F8600D05008 /* SearchView.swift */ = {isa = PBXFileReference; lastKnownFileType = sourcecode.swift; path = SearchView.swift; sourceTree = "<group>"; };
		BC1D577A2B4263C000D05008 /* UserSummaryCell.swift */ = {isa = PBXFileReference; lastKnownFileType = sourcecode.swift; path = UserSummaryCell.swift; sourceTree = "<group>"; };
		BC1D577C2B443C6F00D05008 /* LoginView.swift */ = {isa = PBXFileReference; lastKnownFileType = sourcecode.swift; path = LoginView.swift; sourceTree = "<group>"; };
		BC1D577E2B44F4F500D05008 /* SignUpView.swift */ = {isa = PBXFileReference; lastKnownFileType = sourcecode.swift; path = SignUpView.swift; sourceTree = "<group>"; };
		BC1D57802B46497A00D05008 /* User.swift */ = {isa = PBXFileReference; lastKnownFileType = sourcecode.swift; path = User.swift; sourceTree = "<group>"; };
		BC1D57822B482C5800D05008 /* Post.swift */ = {isa = PBXFileReference; lastKnownFileType = sourcecode.swift; path = Post.swift; sourceTree = "<group>"; };
		BC1D57842B4837E900D05008 /* UserPostGridView.swift */ = {isa = PBXFileReference; lastKnownFileType = sourcecode.swift; path = UserPostGridView.swift; sourceTree = "<group>"; };
		BC1D57862B48382800D05008 /* ProfileHeaderView.swift */ = {isa = PBXFileReference; lastKnownFileType = sourcecode.swift; path = ProfileHeaderView.swift; sourceTree = "<group>"; };
/* End PBXFileReference section */

/* Begin PBXFrameworksBuildPhase section */
		BC1D57482B3F065D00D05008 /* Frameworks */ = {
			isa = PBXFrameworksBuildPhase;
			buildActionMask = 2147483647;
			files = (
			);
			runOnlyForDeploymentPostprocessing = 0;
		};
/* End PBXFrameworksBuildPhase section */

/* Begin PBXGroup section */
		BC1D57422B3F065D00D05008 = {
			isa = PBXGroup;
			children = (
				BC1D574D2B3F065D00D05008 /* Instagram_Tutorial */,
				BC1D574C2B3F065D00D05008 /* Products */,
			);
			sourceTree = "<group>";
		};
		BC1D574C2B3F065D00D05008 /* Products */ = {
			isa = PBXGroup;
			children = (
				BC1D574B2B3F065D00D05008 /* Instagram_Tutorial.app */,
			);
			name = Products;
			sourceTree = "<group>";
		};
		BC1D574D2B3F065D00D05008 /* Instagram_Tutorial */ = {
			isa = PBXGroup;
			children = (
				BC1D57612B3F067B00D05008 /* Core */,
				BC1D57602B3F067200D05008 /* App */,
				BC1D575D2B3F067100D05008 /* Model */,
				BC1D575C2B3F066B00D05008 /* Services */,
				BC1D57502B3F065D00D05008 /* ContentView.swift */,
				BC1D57522B3F065E00D05008 /* Assets.xcassets */,
				BC1D57542B3F065E00D05008 /* Preview Content */,
			);
			path = Instagram_Tutorial;
			sourceTree = "<group>";
		};
		BC1D57542B3F065E00D05008 /* Preview Content */ = {
			isa = PBXGroup;
			children = (
				BC1D57552B3F065E00D05008 /* Preview Assets.xcassets */,
			);
			path = "Preview Content";
			sourceTree = "<group>";
		};
		BC1D575C2B3F066B00D05008 /* Services */ = {
			isa = PBXGroup;
			children = (
			);
			path = Services;
			sourceTree = "<group>";
		};
		BC1D575D2B3F067100D05008 /* Model */ = {
			isa = PBXGroup;
			children = (
				BC1D57802B46497A00D05008 /* User.swift */,
				BC1D57822B482C5800D05008 /* Post.swift */,
			);
			path = Model;
			sourceTree = "<group>";
		};
		BC1D57602B3F067200D05008 /* App */ = {
			isa = PBXGroup;
			children = (
				BC1D574E2B3F065D00D05008 /* Instagram_TutorialApp.swift */,
			);
			path = App;
			sourceTree = "<group>";
		};
		BC1D57612B3F067B00D05008 /* Core */ = {
			isa = PBXGroup;
			children = (
				BC1D576F2B4046E900D05008 /* Component */,
				BC1D57682B3F06FF00D05008 /* TabBar */,
				BC1D57672B3F06FE00D05008 /* UploadPost */,
				BC1D57662B3F06F500D05008 /* Search */,
				BC1D57652B3F06ED00D05008 /* Root */,
				BC1D57642B3F06E300D05008 /* Profile */,
				BC1D57632B3F06DD00D05008 /* Feed */,
				BC1D57622B3F06B100D05008 /* Auth */,
			);
			path = Core;
			sourceTree = "<group>";
		};
		BC1D57622B3F06B100D05008 /* Auth */ = {
			isa = PBXGroup;
			children = (
				BC1D577C2B443C6F00D05008 /* LoginView.swift */,
				BC1D577E2B44F4F500D05008 /* SignUpView.swift */,
			);
			path = Auth;
			sourceTree = "<group>";
		};
		BC1D57632B3F06DD00D05008 /* Feed */ = {
			isa = PBXGroup;
			children = (
				BC1D57722B41551300D05008 /* FeedView.swift */,
				BC1D57742B41551800D05008 /* FeedCell.swift */,
			);
			path = Feed;
			sourceTree = "<group>";
		};
		BC1D57642B3F06E300D05008 /* Profile */ = {
			isa = PBXGroup;
			children = (
				BC1D576D2B3F090800D05008 /* ProfileView.swift */,
				BC1D57862B48382800D05008 /* ProfileHeaderView.swift */,
			);
			path = Profile;
			sourceTree = "<group>";
		};
		BC1D57652B3F06ED00D05008 /* Root */ = {
			isa = PBXGroup;
			children = (
			);
			path = Root;
			sourceTree = "<group>";
		};
		BC1D57662B3F06F500D05008 /* Search */ = {
			isa = PBXGroup;
			children = (
				BC1D57762B425F8600D05008 /* SearchView.swift */,
				BC1D577A2B4263C000D05008 /* UserSummaryCell.swift */,
			);
			path = Search;
			sourceTree = "<group>";
		};
		BC1D57672B3F06FE00D05008 /* UploadPost */ = {
			isa = PBXGroup;
			children = (
			);
			path = UploadPost;
			sourceTree = "<group>";
		};
		BC1D57682B3F06FF00D05008 /* TabBar */ = {
			isa = PBXGroup;
			children = (
				BC1D57692B3F07D800D05008 /* MainTabView.swift */,
			);
			path = TabBar;
			sourceTree = "<group>";
		};
		BC1D576F2B4046E900D05008 /* Component */ = {
			isa = PBXGroup;
			children = (
				BC1D57702B4046F700D05008 /* UserStatView.swift */,
				BC1D57842B4837E900D05008 /* UserPostGridView.swift */,
			);
			path = Component;
			sourceTree = "<group>";
		};
/* End PBXGroup section */

/* Begin PBXNativeTarget section */
		BC1D574A2B3F065D00D05008 /* Instagram_Tutorial */ = {
			isa = PBXNativeTarget;
			buildConfigurationList = BC1D57592B3F065E00D05008 /* Build configuration list for PBXNativeTarget "Instagram_Tutorial" */;
			buildPhases = (
				BC1D57472B3F065D00D05008 /* Sources */,
				BC1D57482B3F065D00D05008 /* Frameworks */,
				BC1D57492B3F065D00D05008 /* Resources */,
			);
			buildRules = (
			);
			dependencies = (
			);
			name = Instagram_Tutorial;
			productName = Instagram_Tutorial;
			productReference = BC1D574B2B3F065D00D05008 /* Instagram_Tutorial.app */;
			productType = "com.apple.product-type.application";
		};
/* End PBXNativeTarget section */

/* Begin PBXProject section */
		BC1D57432B3F065D00D05008 /* Project object */ = {
			isa = PBXProject;
			attributes = {
				BuildIndependentTargetsInParallel = 1;
				LastSwiftUpdateCheck = 1500;
				LastUpgradeCheck = 1500;
				TargetAttributes = {
					BC1D574A2B3F065D00D05008 = {
						CreatedOnToolsVersion = 15.0;
					};
				};
			};
			buildConfigurationList = BC1D57462B3F065D00D05008 /* Build configuration list for PBXProject "Instagram_Tutorial" */;
			compatibilityVersion = "Xcode 14.0";
			developmentRegion = en;
			hasScannedForEncodings = 0;
			knownRegions = (
				en,
				Base,
			);
			mainGroup = BC1D57422B3F065D00D05008;
			productRefGroup = BC1D574C2B3F065D00D05008 /* Products */;
			projectDirPath = "";
			projectRoot = "";
			targets = (
				BC1D574A2B3F065D00D05008 /* Instagram_Tutorial */,
			);
		};
/* End PBXProject section */

/* Begin PBXResourcesBuildPhase section */
		BC1D57492B3F065D00D05008 /* Resources */ = {
			isa = PBXResourcesBuildPhase;
			buildActionMask = 2147483647;
			files = (
				BC1D57562B3F065E00D05008 /* Preview Assets.xcassets in Resources */,
				BC1D57532B3F065E00D05008 /* Assets.xcassets in Resources */,
			);
			runOnlyForDeploymentPostprocessing = 0;
		};
/* End PBXResourcesBuildPhase section */

/* Begin PBXSourcesBuildPhase section */
		BC1D57472B3F065D00D05008 /* Sources */ = {
			isa = PBXSourcesBuildPhase;
			buildActionMask = 2147483647;
			files = (
				BC1D57752B41551800D05008 /* FeedCell.swift in Sources */,
				BC1D576E2B3F090800D05008 /* ProfileView.swift in Sources */,
				BC1D57512B3F065D00D05008 /* ContentView.swift in Sources */,
				BC1D57852B4837E900D05008 /* UserPostGridView.swift in Sources */,
				BC1D574F2B3F065D00D05008 /* Instagram_TutorialApp.swift in Sources */,
				BC1D57832B482C5800D05008 /* Post.swift in Sources */,
				BC1D57772B425F8600D05008 /* SearchView.swift in Sources */,
				BC1D57872B48382800D05008 /* ProfileHeaderView.swift in Sources */,
				BC1D577F2B44F4F500D05008 /* SignUpView.swift in Sources */,
				BC1D57712B4046F700D05008 /* UserStatView.swift in Sources */,
				BC1D577B2B4263C000D05008 /* UserSummaryCell.swift in Sources */,
				BC1D57812B46497A00D05008 /* User.swift in Sources */,
				BC1D57732B41551300D05008 /* FeedView.swift in Sources */,
				BC1D577D2B443C6F00D05008 /* LoginView.swift in Sources */,
				BC1D576A2B3F07D800D05008 /* MainTabView.swift in Sources */,
			);
			runOnlyForDeploymentPostprocessing = 0;
		};
/* End PBXSourcesBuildPhase section */

/* Begin XCBuildConfiguration section */
		BC1D57572B3F065E00D05008 /* Debug */ = {
			isa = XCBuildConfiguration;
			buildSettings = {
				ALWAYS_SEARCH_USER_PATHS = NO;
				ASSETCATALOG_COMPILER_GENERATE_SWIFT_ASSET_SYMBOL_EXTENSIONS = YES;
				CLANG_ANALYZER_NONNULL = YES;
				CLANG_ANALYZER_NUMBER_OBJECT_CONVERSION = YES_AGGRESSIVE;
				CLANG_CXX_LANGUAGE_STANDARD = "gnu++20";
				CLANG_ENABLE_MODULES = YES;
				CLANG_ENABLE_OBJC_ARC = YES;
				CLANG_ENABLE_OBJC_WEAK = YES;
				CLANG_WARN_BLOCK_CAPTURE_AUTORELEASING = YES;
				CLANG_WARN_BOOL_CONVERSION = YES;
				CLANG_WARN_COMMA = YES;
				CLANG_WARN_CONSTANT_CONVERSION = YES;
				CLANG_WARN_DEPRECATED_OBJC_IMPLEMENTATIONS = YES;
				CLANG_WARN_DIRECT_OBJC_ISA_USAGE = YES_ERROR;
				CLANG_WARN_DOCUMENTATION_COMMENTS = YES;
				CLANG_WARN_EMPTY_BODY = YES;
				CLANG_WARN_ENUM_CONVERSION = YES;
				CLANG_WARN_INFINITE_RECURSION = YES;
				CLANG_WARN_INT_CONVERSION = YES;
				CLANG_WARN_NON_LITERAL_NULL_CONVERSION = YES;
				CLANG_WARN_OBJC_IMPLICIT_RETAIN_SELF = YES;
				CLANG_WARN_OBJC_LITERAL_CONVERSION = YES;
				CLANG_WARN_OBJC_ROOT_CLASS = YES_ERROR;
				CLANG_WARN_QUOTED_INCLUDE_IN_FRAMEWORK_HEADER = YES;
				CLANG_WARN_RANGE_LOOP_ANALYSIS = YES;
				CLANG_WARN_STRICT_PROTOTYPES = YES;
				CLANG_WARN_SUSPICIOUS_MOVE = YES;
				CLANG_WARN_UNGUARDED_AVAILABILITY = YES_AGGRESSIVE;
				CLANG_WARN_UNREACHABLE_CODE = YES;
				CLANG_WARN__DUPLICATE_METHOD_MATCH = YES;
				COPY_PHASE_STRIP = NO;
				DEBUG_INFORMATION_FORMAT = dwarf;
				ENABLE_STRICT_OBJC_MSGSEND = YES;
				ENABLE_TESTABILITY = YES;
				ENABLE_USER_SCRIPT_SANDBOXING = YES;
				GCC_C_LANGUAGE_STANDARD = gnu17;
				GCC_DYNAMIC_NO_PIC = NO;
				GCC_NO_COMMON_BLOCKS = YES;
				GCC_OPTIMIZATION_LEVEL = 0;
				GCC_PREPROCESSOR_DEFINITIONS = (
					"DEBUG=1",
					"$(inherited)",
				);
				GCC_WARN_64_TO_32_BIT_CONVERSION = YES;
				GCC_WARN_ABOUT_RETURN_TYPE = YES_ERROR;
				GCC_WARN_UNDECLARED_SELECTOR = YES;
				GCC_WARN_UNINITIALIZED_AUTOS = YES_AGGRESSIVE;
				GCC_WARN_UNUSED_FUNCTION = YES;
				GCC_WARN_UNUSED_VARIABLE = YES;
				IPHONEOS_DEPLOYMENT_TARGET = 17.0;
				LOCALIZATION_PREFERS_STRING_CATALOGS = YES;
				MTL_ENABLE_DEBUG_INFO = INCLUDE_SOURCE;
				MTL_FAST_MATH = YES;
				ONLY_ACTIVE_ARCH = YES;
				SDKROOT = iphoneos;
				SWIFT_ACTIVE_COMPILATION_CONDITIONS = "DEBUG $(inherited)";
				SWIFT_OPTIMIZATION_LEVEL = "-Onone";
			};
			name = Debug;
		};
		BC1D57582B3F065E00D05008 /* Release */ = {
			isa = XCBuildConfiguration;
			buildSettings = {
				ALWAYS_SEARCH_USER_PATHS = NO;
				ASSETCATALOG_COMPILER_GENERATE_SWIFT_ASSET_SYMBOL_EXTENSIONS = YES;
				CLANG_ANALYZER_NONNULL = YES;
				CLANG_ANALYZER_NUMBER_OBJECT_CONVERSION = YES_AGGRESSIVE;
				CLANG_CXX_LANGUAGE_STANDARD = "gnu++20";
				CLANG_ENABLE_MODULES = YES;
				CLANG_ENABLE_OBJC_ARC = YES;
				CLANG_ENABLE_OBJC_WEAK = YES;
				CLANG_WARN_BLOCK_CAPTURE_AUTORELEASING = YES;
				CLANG_WARN_BOOL_CONVERSION = YES;
				CLANG_WARN_COMMA = YES;
				CLANG_WARN_CONSTANT_CONVERSION = YES;
				CLANG_WARN_DEPRECATED_OBJC_IMPLEMENTATIONS = YES;
				CLANG_WARN_DIRECT_OBJC_ISA_USAGE = YES_ERROR;
				CLANG_WARN_DOCUMENTATION_COMMENTS = YES;
				CLANG_WARN_EMPTY_BODY = YES;
				CLANG_WARN_ENUM_CONVERSION = YES;
				CLANG_WARN_INFINITE_RECURSION = YES;
				CLANG_WARN_INT_CONVERSION = YES;
				CLANG_WARN_NON_LITERAL_NULL_CONVERSION = YES;
				CLANG_WARN_OBJC_IMPLICIT_RETAIN_SELF = YES;
				CLANG_WARN_OBJC_LITERAL_CONVERSION = YES;
				CLANG_WARN_OBJC_ROOT_CLASS = YES_ERROR;
				CLANG_WARN_QUOTED_INCLUDE_IN_FRAMEWORK_HEADER = YES;
				CLANG_WARN_RANGE_LOOP_ANALYSIS = YES;
				CLANG_WARN_STRICT_PROTOTYPES = YES;
				CLANG_WARN_SUSPICIOUS_MOVE = YES;
				CLANG_WARN_UNGUARDED_AVAILABILITY = YES_AGGRESSIVE;
				CLANG_WARN_UNREACHABLE_CODE = YES;
				CLANG_WARN__DUPLICATE_METHOD_MATCH = YES;
				COPY_PHASE_STRIP = NO;
				DEBUG_INFORMATION_FORMAT = "dwarf-with-dsym";
				ENABLE_NS_ASSERTIONS = NO;
				ENABLE_STRICT_OBJC_MSGSEND = YES;
				ENABLE_USER_SCRIPT_SANDBOXING = YES;
				GCC_C_LANGUAGE_STANDARD = gnu17;
				GCC_NO_COMMON_BLOCKS = YES;
				GCC_WARN_64_TO_32_BIT_CONVERSION = YES;
				GCC_WARN_ABOUT_RETURN_TYPE = YES_ERROR;
				GCC_WARN_UNDECLARED_SELECTOR = YES;
				GCC_WARN_UNINITIALIZED_AUTOS = YES_AGGRESSIVE;
				GCC_WARN_UNUSED_FUNCTION = YES;
				GCC_WARN_UNUSED_VARIABLE = YES;
				IPHONEOS_DEPLOYMENT_TARGET = 17.0;
				LOCALIZATION_PREFERS_STRING_CATALOGS = YES;
				MTL_ENABLE_DEBUG_INFO = NO;
				MTL_FAST_MATH = YES;
				SDKROOT = iphoneos;
				SWIFT_COMPILATION_MODE = wholemodule;
				VALIDATE_PRODUCT = YES;
			};
			name = Release;
		};
		BC1D575A2B3F065E00D05008 /* Debug */ = {
			isa = XCBuildConfiguration;
			buildSettings = {
				ASSETCATALOG_COMPILER_APPICON_NAME = AppIcon;
				ASSETCATALOG_COMPILER_GLOBAL_ACCENT_COLOR_NAME = AccentColor;
				CODE_SIGN_STYLE = Automatic;
				CURRENT_PROJECT_VERSION = 1;
				DEVELOPMENT_ASSET_PATHS = "\"Instagram_Tutorial/Preview Content\"";
				DEVELOPMENT_TEAM = A6HM92H898;
				ENABLE_PREVIEWS = YES;
				GENERATE_INFOPLIST_FILE = YES;
				INFOPLIST_KEY_UIApplicationSceneManifest_Generation = YES;
				INFOPLIST_KEY_UIApplicationSupportsIndirectInputEvents = YES;
				INFOPLIST_KEY_UILaunchScreen_Generation = YES;
				INFOPLIST_KEY_UISupportedInterfaceOrientations_iPad = "UIInterfaceOrientationPortrait UIInterfaceOrientationPortraitUpsideDown UIInterfaceOrientationLandscapeLeft UIInterfaceOrientationLandscapeRight";
				INFOPLIST_KEY_UISupportedInterfaceOrientations_iPhone = "UIInterfaceOrientationPortrait UIInterfaceOrientationLandscapeLeft UIInterfaceOrientationLandscapeRight";
				LD_RUNPATH_SEARCH_PATHS = (
					"$(inherited)",
					"@executable_path/Frameworks",
				);
				MARKETING_VERSION = 1.0;
				PRODUCT_BUNDLE_IDENTIFIER = "com.eddysong.Instagram-Tutorial";
				PRODUCT_NAME = "$(TARGET_NAME)";
				SWIFT_EMIT_LOC_STRINGS = YES;
				SWIFT_VERSION = 5.0;
				TARGETED_DEVICE_FAMILY = "1,2";
			};
			name = Debug;
		};
		BC1D575B2B3F065E00D05008 /* Release */ = {
			isa = XCBuildConfiguration;
			buildSettings = {
				ASSETCATALOG_COMPILER_APPICON_NAME = AppIcon;
				ASSETCATALOG_COMPILER_GLOBAL_ACCENT_COLOR_NAME = AccentColor;
				CODE_SIGN_STYLE = Automatic;
				CURRENT_PROJECT_VERSION = 1;
				DEVELOPMENT_ASSET_PATHS = "\"Instagram_Tutorial/Preview Content\"";
				DEVELOPMENT_TEAM = A6HM92H898;
				ENABLE_PREVIEWS = YES;
				GENERATE_INFOPLIST_FILE = YES;
				INFOPLIST_KEY_UIApplicationSceneManifest_Generation = YES;
				INFOPLIST_KEY_UIApplicationSupportsIndirectInputEvents = YES;
				INFOPLIST_KEY_UILaunchScreen_Generation = YES;
				INFOPLIST_KEY_UISupportedInterfaceOrientations_iPad = "UIInterfaceOrientationPortrait UIInterfaceOrientationPortraitUpsideDown UIInterfaceOrientationLandscapeLeft UIInterfaceOrientationLandscapeRight";
				INFOPLIST_KEY_UISupportedInterfaceOrientations_iPhone = "UIInterfaceOrientationPortrait UIInterfaceOrientationLandscapeLeft UIInterfaceOrientationLandscapeRight";
				LD_RUNPATH_SEARCH_PATHS = (
					"$(inherited)",
					"@executable_path/Frameworks",
				);
				MARKETING_VERSION = 1.0;
				PRODUCT_BUNDLE_IDENTIFIER = "com.eddysong.Instagram-Tutorial";
				PRODUCT_NAME = "$(TARGET_NAME)";
				SWIFT_EMIT_LOC_STRINGS = YES;
				SWIFT_VERSION = 5.0;
				TARGETED_DEVICE_FAMILY = "1,2";
			};
			name = Release;
		};
/* End XCBuildConfiguration section */

/* Begin XCConfigurationList section */
		BC1D57462B3F065D00D05008 /* Build configuration list for PBXProject "Instagram_Tutorial" */ = {
			isa = XCConfigurationList;
			buildConfigurations = (
				BC1D57572B3F065E00D05008 /* Debug */,
				BC1D57582B3F065E00D05008 /* Release */,
			);
			defaultConfigurationIsVisible = 0;
			defaultConfigurationName = Release;
		};
		BC1D57592B3F065E00D05008 /* Build configuration list for PBXNativeTarget "Instagram_Tutorial" */ = {
			isa = XCConfigurationList;
			buildConfigurations = (
				BC1D575A2B3F065E00D05008 /* Debug */,
				BC1D575B2B3F065E00D05008 /* Release */,
			);
			defaultConfigurationIsVisible = 0;
			defaultConfigurationName = Release;
		};
/* End XCConfigurationList section */
	};
	rootObject = BC1D57432B3F065D00D05008 /* Project object */;
}
